
Microsoft Visual Studio Solution File, Format Version 12.00
# Visual Studio Version 16
VisualStudioVersion = 16.0.29920.165
MinimumVisualStudioVersion = 10.0.40219.1
Project("{8BC9CEB8-8B4A-11D0-8D11-00A0C91BC942}") = "ECS", "ECS.vcxproj", "{C9A3F63E-37D6-47C2-B7C4-E056845A7F56}"
EndProject
Global
	GlobalSection(SolutionConfigurationPlatforms) = preSolution
		Debug|x64 = Debug|x64
		Debug|x86 = Debug|x86
		Release|x64 = Release|x64
		Release|x86 = Release|x86
	EndGlobalSection
	GlobalSection(ProjectConfigurationPlatforms) = postSolution
		{C9A3F63E-37D6-47C2-B7C4-E056845A7F56}.Debug|x64.ActiveCfg = Debug|x64
		{C9A3F63E-37D6-47C2-B7C4-E056845A7F56}.Debug|x64.Build.0 = Debug|x64
		{C9A3F63E-37D6-47C2-B7C4-E056845A7F56}.Debug|x86.ActiveCfg = Debug|Win32
		{C9A3F63E-37D6-47C2-B7C4-E056845A7F56}.Debug|x86.Build.0 = Debug|Win32
		{C9A3F63E-37D6-47C2-B7C4-E056845A7F56}.Release|x64.ActiveCfg = Release|x64
		{C9A3F63E-37D6-47C2-B7C4-E056845A7F56}.Release|x64.Build.0 = Release|x64
		{C9A3F63E-37D6-47C2-B7C4-E056845A7F56}.Release|x86.ActiveCfg = Release|Win32
		{C9A3F63E-37D6-47C2-B7C4-E056845A7F56}.Release|x86.Build.0 = Release|Win32
	EndGlobalSection
	GlobalSection(SolutionProperties) = preSolution
		HideSolutionNode = FALSE
	EndGlobalSection
	GlobalSection(ExtensibilityGlobals) = postSolution
		SolutionGuid = {4D24F699-AA7E-478A-ABCE-E898834DA940}
	EndGlobalSection
EndGlobal
